
Microsoft Visual Studio Solution File, Format Version 12.00
# Visual Studio Version 16
VisualStudioVersion = 16.0.32228.343
MinimumVisualStudioVersion = 10.0.40219.1
Project("{FAE04EC0-301F-11D3-BF4B-00C04F79EFBC}") = "Hotel App", "Hotel App\Hotel App.csproj", "{7C4600FE-0197-4F0E-9D07-162FB0C4B892}"
EndProject
Global
	GlobalSection(SolutionConfigurationPlatforms) = preSolution
		Debug|Any CPU = Debug|Any CPU
		Release|Any CPU = Release|Any CPU
	EndGlobalSection
	GlobalSection(ProjectConfigurationPlatforms) = postSolution
		{7C4600FE-0197-4F0E-9D07-162FB0C4B892}.Debug|Any CPU.ActiveCfg = Debug|Any CPU
		{7C4600FE-0197-4F0E-9D07-162FB0C4B892}.Debug|Any CPU.Build.0 = Debug|Any CPU
		{7C4600FE-0197-4F0E-9D07-162FB0C4B892}.Release|Any CPU.ActiveCfg = Release|Any CPU
		{7C4600FE-0197-4F0E-9D07-162FB0C4B892}.Release|Any CPU.Build.0 = Release|Any CPU
	EndGlobalSection
	GlobalSection(SolutionProperties) = preSolution
		HideSolutionNode = FALSE
	EndGlobalSection
	GlobalSection(ExtensibilityGlobals) = postSolution
		SolutionGuid = {30B3450E-1BE0-4792-9870-6962DF9D7D5F}
	EndGlobalSection
EndGlobal
